#MicroXplorer Configuration settings - do not modify
Mcu.Family=STM32F4
ProjectManager.MainLocation=Core/Src
ProjectManager.ProjectFileName=10_0.ioc
RCC.CortexFreq_Value=16000000
FREERTOS.Tasks01=defaultTask,24,128,StartDefaultTask,Default,NULL,Dynamic,NULL,NULL;PRG1,24,128,StartPRG1,Default,NULL,Dynamic,NULL,NULL;PRG2,24,128,StartPRG2,Default,NULL,Dynamic,NULL,NULL;PRG3,24,128,StartPRG3,Default,NULL,Dynamic,NULL,NULL;PRG4,24,128,StartPRG4,Default,NULL,Dynamic,NULL,NULL;PRG5,25,128,StartPRG5,Default,NULL,Dynamic,NULL,NULL;PRG6,25,128,StartPRG6,Default,NULL,Dynamic,NULL,NULL
ProjectManager.KeepUserCode=true
Mcu.UserName=STM32F429ZITx
Mcu.PinsNb=9
ProjectManager.NoMain=false
NVIC.SavedSvcallIrqHandlerGenerated=true
RCC.PLLCLKFreq_Value=96000000
RCC.PLLQCLKFreq_Value=48000000
ProjectManager.functionlistsort=1-MX_GPIO_Init-GPIO-false-LL-true,2-SystemClock_Config-RCC-false-LL-false
RCC.RTCFreq_Value=32000
ProjectManager.DefaultFWLocation=true
RCC.VCOSAIOutputFreq_ValueQ=12250000
RCC.VCOSAIOutputFreq_ValueR=24500000
ProjectManager.DeletePrevious=true
PG14.Locked=true
PG13.Signal=GPIO_Output
PinOutPanel.RotationAngle=0
RCC.FamilyName=M
ProjectManager.StackSize=0x400
VP_FREERTOS_VS_CMSIS_V2.Mode=CMSIS_V2
PA13.Signal=SYS_JTMS-SWDIO
Mcu.IP2=RCC
NVIC.SVCall_IRQn=true\:0\:0\:false\:false\:false\:false\:false\:false
Mcu.IP3=SYS
Mcu.IP0=FREERTOS
Mcu.IP1=NVIC
Mcu.UserConstants=
ProjectManager.TargetToolchain=EWARM V8.32
Mcu.ThirdPartyNb=0
Mcu.IPNb=4
RCC.I2SClocksFreq_Value=96000000
ProjectManager.PreviousToolchain=
RCC.VcooutputI2S=96000000
RCC.VcooutputI2SQ=96000000
Mcu.Pin6=PB4
Mcu.Pin7=VP_FREERTOS_VS_CMSIS_V2
ProjectManager.RegisterCallBack=
Mcu.Pin8=VP_SYS_VS_tim1
RCC.VCOSAIOutputFreq_Value=49000000
FREERTOS.IPParameters=Tasks01,FootprintOK
RCC.LSE_VALUE=32768
RCC.AHBFreq_Value=16000000
Mcu.Pin0=PA13
Mcu.Pin1=PA14
GPIO.groupedBy=
Mcu.Pin2=PA15
Mcu.Pin3=PG13
Mcu.Pin4=PG14
RCC.VCOI2SOutputFreq_Value=192000000
Mcu.Pin5=PB3
ProjectManager.ProjectBuild=false
PG14.Signal=GPIO_Output
RCC.HSE_VALUE=25000000
PG13.Locked=true
NVIC.UsageFault_IRQn=true\:0\:0\:false\:false\:true\:false\:false\:false
NVIC.DebugMonitor_IRQn=true\:0\:0\:false\:false\:true\:false\:false\:false
PB3.Mode=JTAG_5_pins
board=custom
RCC.VCOOutputFreq_Value=192000000
PA15.Mode=JTAG_5_pins
NVIC.SysTick_IRQn=true\:0\:0\:false\:false\:false\:false\:false\:false
ProjectManager.LastFirmware=true
ProjectManager.FirmwarePackage=STM32Cube FW_F4 V1.25.2
MxDb.Version=DB.6.0.0
NVIC.SavedSystickIrqHandlerGenerated=true
RCC.APB2Freq_Value=16000000
PB4.Mode=JTAG_5_pins
ProjectManager.BackupPrevious=false
MxCube.Version=6.0.1
RCC.VCOInputFreq_Value=1000000
VP_SYS_VS_tim1.Signal=SYS_VS_tim1
PA14.Mode=JTAG_5_pins
VP_SYS_VS_tim1.Mode=TIM1
File.Version=6
NVIC.NonMaskableInt_IRQn=true\:0\:0\:false\:false\:true\:false\:false\:false
NVIC.PendSV_IRQn=true\:0\:0\:false\:false\:false\:false\:false\:false
PA13.Mode=JTAG_5_pins
ProjectManager.FreePins=false
RCC.IPParameters=AHBFreq_Value,APB1Freq_Value,APB2Freq_Value,CortexFreq_Value,FamilyName,HSE_VALUE,HSI_VALUE,I2SClocksFreq_Value,LSE_VALUE,LSI_VALUE,PLLCLKFreq_Value,PLLQCLKFreq_Value,RTCFreq_Value,RTCHSEDivFreq_Value,SYSCLKFreq_VALUE,VCOI2SOutputFreq_Value,VCOInputFreq_Value,VCOOutputFreq_Value,VCOSAIOutputFreq_Value,VCOSAIOutputFreq_ValueQ,VCOSAIOutputFreq_ValueR,VcooutputI2S,VcooutputI2SQ
ProjectManager.AskForMigrate=true
Mcu.Name=STM32F429ZITx
ProjectManager.HalAssertFull=false
NVIC.SavedPendsvIrqHandlerGenerated=true
RCC.RTCHSEDivFreq_Value=12500000
ProjectManager.ProjectName=10_0
ProjectManager.UnderRoot=false
VP_FREERTOS_VS_CMSIS_V2.Signal=FREERTOS_VS_CMSIS_V2
ProjectManager.CoupleFile=false
PB3.Signal=SYS_JTDO-SWO
RCC.SYSCLKFreq_VALUE=16000000
Mcu.Package=LQFP144
NVIC.TimeBase=TIM1_UP_TIM10_IRQn
NVIC.ForceEnableDMAVector=true
KeepUserPlacement=false
NVIC.MemoryManagement_IRQn=true\:0\:0\:false\:false\:true\:false\:false\:false
ProjectManager.CompilerOptimize=6
ProjectManager.ToolChainLocation=
RCC.LSI_VALUE=32000
NVIC.TimeBaseIP=TIM1
PA14.Signal=SYS_JTCK-SWCLK
FREERTOS.FootprintOK=true
PA15.Signal=SYS_JTDI
ProjectManager.HeapSize=0x200
NVIC.HardFault_IRQn=true\:0\:0\:false\:false\:true\:false\:false\:false
NVIC.TIM1_UP_TIM10_IRQn=true\:0\:0\:false\:false\:true\:false\:false\:true
ProjectManager.ComputerToolchain=false
RCC.HSI_VALUE=16000000
NVIC.PriorityGroup=NVIC_PRIORITYGROUP_4
NVIC.BusFault_IRQn=true\:0\:0\:false\:false\:true\:false\:false\:false
RCC.APB1Freq_Value=16000000
ProjectManager.CustomerFirmwarePackage=
ProjectManager.DeviceId=STM32F429ZITx
ProjectManager.LibraryCopy=1
PB4.Signal=SYS_JTRST
